
Microsoft Visual Studio Solution File, Format Version 11.00
# Visual Studio 2010
Project("{FAE04EC0-301F-11D3-BF4B-00C04F79EFBC}") = "Assembly-CSharp", "Assembly-CSharp.csproj", "{86B4C317-9670-D0B7-0593-7A5E45E05738}"
EndProject
Project("{FAE04EC0-301F-11D3-BF4B-00C04F79EFBC}") = "Assembly-CSharp-Editor", "Assembly-CSharp-Editor.csproj", "{626123D2-73A2-DC1F-AC5C-9705FAE0A2DD}"
EndProject
Global
	GlobalSection(SolutionConfigurationPlatforms) = preSolution
		Debug|Any CPU = Debug|Any CPU
		Release|Any CPU = Release|Any CPU
	EndGlobalSection
	GlobalSection(ProjectConfigurationPlatforms) = postSolution
		{86B4C317-9670-D0B7-0593-7A5E45E05738}.Debug|Any CPU.ActiveCfg = Debug|Any CPU
		{86B4C317-9670-D0B7-0593-7A5E45E05738}.Debug|Any CPU.Build.0 = Debug|Any CPU
		{86B4C317-9670-D0B7-0593-7A5E45E05738}.Release|Any CPU.ActiveCfg = Release|Any CPU
		{86B4C317-9670-D0B7-0593-7A5E45E05738}.Release|Any CPU.Build.0 = Release|Any CPU
		{626123D2-73A2-DC1F-AC5C-9705FAE0A2DD}.Debug|Any CPU.ActiveCfg = Debug|Any CPU
		{626123D2-73A2-DC1F-AC5C-9705FAE0A2DD}.Debug|Any CPU.Build.0 = Debug|Any CPU
		{626123D2-73A2-DC1F-AC5C-9705FAE0A2DD}.Release|Any CPU.ActiveCfg = Release|Any CPU
		{626123D2-73A2-DC1F-AC5C-9705FAE0A2DD}.Release|Any CPU.Build.0 = Release|Any CPU
	EndGlobalSection
	GlobalSection(SolutionProperties) = preSolution
		HideSolutionNode = FALSE
	EndGlobalSection
EndGlobal
